
Microsoft Visual Studio Solution File, Format Version 12.00
# Visual Studio Version 17
VisualStudioVersion = 17.5.002.0
MinimumVisualStudioVersion = 10.0.40219.1
Project("{9A19103F-16F7-4668-BE54-9A1E7A4F7556}") = "CollegeApp", "CollegeApp.csproj", "{3B872451-D744-4981-98BF-A3D8B15EBAFD}"
EndProject
Global
	GlobalSection(SolutionConfigurationPlatforms) = preSolution
		Debug|Any CPU = Debug|Any CPU
		Release|Any CPU = Release|Any CPU
	EndGlobalSection
	GlobalSection(ProjectConfigurationPlatforms) = postSolution
		{3B872451-D744-4981-98BF-A3D8B15EBAFD}.Debug|Any CPU.ActiveCfg = Debug|Any CPU
		{3B872451-D744-4981-98BF-A3D8B15EBAFD}.Debug|Any CPU.Build.0 = Debug|Any CPU
		{3B872451-D744-4981-98BF-A3D8B15EBAFD}.Release|Any CPU.ActiveCfg = Release|Any CPU
		{3B872451-D744-4981-98BF-A3D8B15EBAFD}.Release|Any CPU.Build.0 = Release|Any CPU
	EndGlobalSection
	GlobalSection(SolutionProperties) = preSolution
		HideSolutionNode = FALSE
	EndGlobalSection
	GlobalSection(ExtensibilityGlobals) = postSolution
		SolutionGuid = {A51D51B1-08B1-48A3-8598-024B09C9D703}
	EndGlobalSection
EndGlobal
